// !$*UTF8*$!
{
	archiveVersion = 1;
	classes = {
	};
	objectVersion = 56;
	objects = {

/* Begin PBXBuildFile section */
		C609B68C2C5286A1006F6F3F /* MemoryGames.swift in Sources */ = {isa = PBXBuildFile; fileRef = C609B68B2C5286A1006F6F3F /* MemoryGames.swift */; };
		C6176CC32C47D27900B1B750 /* CardGameApp.swift in Sources */ = {isa = PBXBuildFile; fileRef = C6176CC22C47D27900B1B750 /* CardGameApp.swift */; };
		C6176CC52C47D27900B1B750 /* EmojiMemoryGameView.swift in Sources */ = {isa = PBXBuildFile; fileRef = C6176CC42C47D27900B1B750 /* EmojiMemoryGameView.swift */; };
		C6176CC72C47D27A00B1B750 /* Assets.xcassets in Resources */ = {isa = PBXBuildFile; fileRef = C6176CC62C47D27A00B1B750 /* Assets.xcassets */; };
		C6176CCA2C47D27A00B1B750 /* Preview Assets.xcassets in Resources */ = {isa = PBXBuildFile; fileRef = C6176CC92C47D27A00B1B750 /* Preview Assets.xcassets */; };
		C6176CD12C49519900B1B750 /* CardView.swift in Sources */ = {isa = PBXBuildFile; fileRef = C6176CD02C49519900B1B750 /* CardView.swift */; };
		C625921E2C57D5F80000F7BA /* AspectVGrid.swift in Sources */ = {isa = PBXBuildFile; fileRef = C625921D2C57D5F80000F7BA /* AspectVGrid.swift */; };
		C62592202C57F0D80000F7BA /* CirclePie.swift in Sources */ = {isa = PBXBuildFile; fileRef = C625921F2C57F0D80000F7BA /* CirclePie.swift */; };
		C68F02B02C4FC94900AD9473 /* EmojiMemoryGame.swift in Sources */ = {isa = PBXBuildFile; fileRef = C68F02AF2C4FC94900AD9473 /* EmojiMemoryGame.swift */; };
		C6E631F82C591B1C0061C21F /* Cardify.swift in Sources */ = {isa = PBXBuildFile; fileRef = C6E631F72C591B1C0061C21F /* Cardify.swift */; };
/* End PBXBuildFile section */

/* Begin PBXFileReference section */
		C609B68B2C5286A1006F6F3F /* MemoryGames.swift */ = {isa = PBXFileReference; lastKnownFileType = sourcecode.swift; path = MemoryGames.swift; sourceTree = "<group>"; };
		C6176CBF2C47D27900B1B750 /* CardGame.app */ = {isa = PBXFileReference; explicitFileType = wrapper.application; includeInIndex = 0; path = CardGame.app; sourceTree = BUILT_PRODUCTS_DIR; };
		C6176CC22C47D27900B1B750 /* CardGameApp.swift */ = {isa = PBXFileReference; lastKnownFileType = sourcecode.swift; path = CardGameApp.swift; sourceTree = "<group>"; };
		C6176CC42C47D27900B1B750 /* EmojiMemoryGameView.swift */ = {isa = PBXFileReference; lastKnownFileType = sourcecode.swift; path = EmojiMemoryGameView.swift; sourceTree = "<group>"; };
		C6176CC62C47D27A00B1B750 /* Assets.xcassets */ = {isa = PBXFileReference; lastKnownFileType = folder.assetcatalog; path = Assets.xcassets; sourceTree = "<group>"; };
		C6176CC92C47D27A00B1B750 /* Preview Assets.xcassets */ = {isa = PBXFileReference; lastKnownFileType = folder.assetcatalog; path = "Preview Assets.xcassets"; sourceTree = "<group>"; };
		C6176CD02C49519900B1B750 /* CardView.swift */ = {isa = PBXFileReference; lastKnownFileType = sourcecode.swift; path = CardView.swift; sourceTree = "<group>"; };
		C625921D2C57D5F80000F7BA /* AspectVGrid.swift */ = {isa = PBXFileReference; lastKnownFileType = sourcecode.swift; path = AspectVGrid.swift; sourceTree = "<group>"; };
		C625921F2C57F0D80000F7BA /* CirclePie.swift */ = {isa = PBXFileReference; lastKnownFileType = sourcecode.swift; path = CirclePie.swift; sourceTree = "<group>"; };
		C68F02AF2C4FC94900AD9473 /* EmojiMemoryGame.swift */ = {isa = PBXFileReference; lastKnownFileType = sourcecode.swift; path = EmojiMemoryGame.swift; sourceTree = "<group>"; };
		C6E631F72C591B1C0061C21F /* Cardify.swift */ = {isa = PBXFileReference; lastKnownFileType = sourcecode.swift; path = Cardify.swift; sourceTree = "<group>"; };
/* End PBXFileReference section */

/* Begin PBXFrameworksBuildPhase section */
		C6176CBC2C47D27900B1B750 /* Frameworks */ = {
			isa = PBXFrameworksBuildPhase;
			buildActionMask = 2147483647;
			files = (
			);
			runOnlyForDeploymentPostprocessing = 0;
		};
/* End PBXFrameworksBuildPhase section */

/* Begin PBXGroup section */
		C609B6872C5285DF006F6F3F /* Elements */ = {
			isa = PBXGroup;
			children = (
				C6176CD02C49519900B1B750 /* CardView.swift */,
				C625921F2C57F0D80000F7BA /* CirclePie.swift */,
				C6E631F72C591B1C0061C21F /* Cardify.swift */,
			);
			path = Elements;
			sourceTree = "<group>";
		};
		C609B6882C52860C006F6F3F /* Models */ = {
			isa = PBXGroup;
			children = (
				C609B68B2C5286A1006F6F3F /* MemoryGames.swift */,
			);
			path = Models;
			sourceTree = "<group>";
		};
		C609B6892C52861D006F6F3F /* Views */ = {
			isa = PBXGroup;
			children = (
				C6176CC42C47D27900B1B750 /* EmojiMemoryGameView.swift */,
			);
			path = Views;
			sourceTree = "<group>";
		};
		C609B68A2C528637006F6F3F /* ViewModels */ = {
			isa = PBXGroup;
			children = (
				C68F02AF2C4FC94900AD9473 /* EmojiMemoryGame.swift */,
			);
			path = ViewModels;
			sourceTree = "<group>";
		};
		C6176CB62C47D27900B1B750 = {
			isa = PBXGroup;
			children = (
				C6176CC12C47D27900B1B750 /* CardGame */,
				C6176CC02C47D27900B1B750 /* Products */,
			);
			sourceTree = "<group>";
		};
		C6176CC02C47D27900B1B750 /* Products */ = {
			isa = PBXGroup;
			children = (
				C6176CBF2C47D27900B1B750 /* CardGame.app */,
			);
			name = Products;
			sourceTree = "<group>";
		};
		C6176CC12C47D27900B1B750 /* CardGame */ = {
			isa = PBXGroup;
			children = (
				C6176CC22C47D27900B1B750 /* CardGameApp.swift */,
				C625921D2C57D5F80000F7BA /* AspectVGrid.swift */,
				C609B6892C52861D006F6F3F /* Views */,
				C609B68A2C528637006F6F3F /* ViewModels */,
				C609B6882C52860C006F6F3F /* Models */,
				C609B6872C5285DF006F6F3F /* Elements */,
				C6176CC62C47D27A00B1B750 /* Assets.xcassets */,
				C6176CC82C47D27A00B1B750 /* Preview Content */,
			);
			path = CardGame;
			sourceTree = "<group>";
		};
		C6176CC82C47D27A00B1B750 /* Preview Content */ = {
			isa = PBXGroup;
			children = (
				C6176CC92C47D27A00B1B750 /* Preview Assets.xcassets */,
			);
			path = "Preview Content";
			sourceTree = "<group>";
		};
/* End PBXGroup section */

/* Begin PBXNativeTarget section */
		C6176CBE2C47D27900B1B750 /* CardGame */ = {
			isa = PBXNativeTarget;
			buildConfigurationList = C6176CCD2C47D27A00B1B750 /* Build configuration list for PBXNativeTarget "CardGame" */;
			buildPhases = (
				C6176CBB2C47D27900B1B750 /* Sources */,
				C6176CBC2C47D27900B1B750 /* Frameworks */,
				C6176CBD2C47D27900B1B750 /* Resources */,
			);
			buildRules = (
			);
			dependencies = (
			);
			name = CardGame;
			productName = CardGame;
			productReference = C6176CBF2C47D27900B1B750 /* CardGame.app */;
			productType = "com.apple.product-type.application";
		};
/* End PBXNativeTarget section */

/* Begin PBXProject section */
		C6176CB72C47D27900B1B750 /* Project object */ = {
			isa = PBXProject;
			attributes = {
				BuildIndependentTargetsInParallel = 1;
				LastSwiftUpdateCheck = 1520;
				LastUpgradeCheck = 1520;
				TargetAttributes = {
					C6176CBE2C47D27900B1B750 = {
						CreatedOnToolsVersion = 15.2;
					};
				};
			};
			buildConfigurationList = C6176CBA2C47D27900B1B750 /* Build configuration list for PBXProject "CardGame" */;
			compatibilityVersion = "Xcode 14.0";
			developmentRegion = en;
			hasScannedForEncodings = 0;
			knownRegions = (
				en,
				Base,
			);
			mainGroup = C6176CB62C47D27900B1B750;
			productRefGroup = C6176CC02C47D27900B1B750 /* Products */;
			projectDirPath = "";
			projectRoot = "";
			targets = (
				C6176CBE2C47D27900B1B750 /* CardGame */,
			);
		};
/* End PBXProject section */

/* Begin PBXResourcesBuildPhase section */
		C6176CBD2C47D27900B1B750 /* Resources */ = {
			isa = PBXResourcesBuildPhase;
			buildActionMask = 2147483647;
			files = (
				C6176CCA2C47D27A00B1B750 /* Preview Assets.xcassets in Resources */,
				C6176CC72C47D27A00B1B750 /* Assets.xcassets in Resources */,
			);
			runOnlyForDeploymentPostprocessing = 0;
		};
/* End PBXResourcesBuildPhase section */

/* Begin PBXSourcesBuildPhase section */
		C6176CBB2C47D27900B1B750 /* Sources */ = {
			isa = PBXSourcesBuildPhase;
			buildActionMask = 2147483647;
			files = (
				C609B68C2C5286A1006F6F3F /* MemoryGames.swift in Sources */,
				C6176CC52C47D27900B1B750 /* EmojiMemoryGameView.swift in Sources */,
				C6E631F82C591B1C0061C21F /* Cardify.swift in Sources */,
				C625921E2C57D5F80000F7BA /* AspectVGrid.swift in Sources */,
				C62592202C57F0D80000F7BA /* CirclePie.swift in Sources */,
				C6176CD12C49519900B1B750 /* CardView.swift in Sources */,
				C6176CC32C47D27900B1B750 /* CardGameApp.swift in Sources */,
				C68F02B02C4FC94900AD9473 /* EmojiMemoryGame.swift in Sources */,
			);
			runOnlyForDeploymentPostprocessing = 0;
		};
/* End PBXSourcesBuildPhase section */

/* Begin XCBuildConfiguration section */
		C6176CCB2C47D27A00B1B750 /* Debug */ = {
			isa = XCBuildConfiguration;
			buildSettings = {
				ALWAYS_SEARCH_USER_PATHS = NO;
				ASSETCATALOG_COMPILER_GENERATE_SWIFT_ASSET_SYMBOL_EXTENSIONS = YES;
				CLANG_ANALYZER_NONNULL = YES;
				CLANG_ANALYZER_NUMBER_OBJECT_CONVERSION = YES_AGGRESSIVE;
				CLANG_CXX_LANGUAGE_STANDARD = "gnu++20";
				CLANG_ENABLE_MODULES = YES;
				CLANG_ENABLE_OBJC_ARC = YES;
				CLANG_ENABLE_OBJC_WEAK = YES;
				CLANG_WARN_BLOCK_CAPTURE_AUTORELEASING = YES;
				CLANG_WARN_BOOL_CONVERSION = YES;
				CLANG_WARN_COMMA = YES;
				CLANG_WARN_CONSTANT_CONVERSION = YES;
				CLANG_WARN_DEPRECATED_OBJC_IMPLEMENTATIONS = YES;
				CLANG_WARN_DIRECT_OBJC_ISA_USAGE = YES_ERROR;
				CLANG_WARN_DOCUMENTATION_COMMENTS = YES;
				CLANG_WARN_EMPTY_BODY = YES;
				CLANG_WARN_ENUM_CONVERSION = YES;
				CLANG_WARN_INFINITE_RECURSION = YES;
				CLANG_WARN_INT_CONVERSION = YES;
				CLANG_WARN_NON_LITERAL_NULL_CONVERSION = YES;
				CLANG_WARN_OBJC_IMPLICIT_RETAIN_SELF = YES;
				CLANG_WARN_OBJC_LITERAL_CONVERSION = YES;
				CLANG_WARN_OBJC_ROOT_CLASS = YES_ERROR;
				CLANG_WARN_QUOTED_INCLUDE_IN_FRAMEWORK_HEADER = YES;
				CLANG_WARN_RANGE_LOOP_ANALYSIS = YES;
				CLANG_WARN_STRICT_PROTOTYPES = YES;
				CLANG_WARN_SUSPICIOUS_MOVE = YES;
				CLANG_WARN_UNGUARDED_AVAILABILITY = YES_AGGRESSIVE;
				CLANG_WARN_UNREACHABLE_CODE = YES;
				CLANG_WARN__DUPLICATE_METHOD_MATCH = YES;
				COPY_PHASE_STRIP = NO;
				DEBUG_INFORMATION_FORMAT = dwarf;
				ENABLE_STRICT_OBJC_MSGSEND = YES;
				ENABLE_TESTABILITY = YES;
				ENABLE_USER_SCRIPT_SANDBOXING = YES;
				GCC_C_LANGUAGE_STANDARD = gnu17;
				GCC_DYNAMIC_NO_PIC = NO;
				GCC_NO_COMMON_BLOCKS = YES;
				GCC_OPTIMIZATION_LEVEL = 0;
				GCC_PREPROCESSOR_DEFINITIONS = (
					"DEBUG=1",
					"$(inherited)",
				);
				GCC_WARN_64_TO_32_BIT_CONVERSION = YES;
				GCC_WARN_ABOUT_RETURN_TYPE = YES_ERROR;
				GCC_WARN_UNDECLARED_SELECTOR = YES;
				GCC_WARN_UNINITIALIZED_AUTOS = YES_AGGRESSIVE;
				GCC_WARN_UNUSED_FUNCTION = YES;
				GCC_WARN_UNUSED_VARIABLE = YES;
				IPHONEOS_DEPLOYMENT_TARGET = 17.2;
				LOCALIZATION_PREFERS_STRING_CATALOGS = YES;
				MTL_ENABLE_DEBUG_INFO = INCLUDE_SOURCE;
				MTL_FAST_MATH = YES;
				ONLY_ACTIVE_ARCH = YES;
				SDKROOT = iphoneos;
				SWIFT_ACTIVE_COMPILATION_CONDITIONS = "DEBUG $(inherited)";
				SWIFT_OPTIMIZATION_LEVEL = "-Onone";
			};
			name = Debug;
		};
		C6176CCC2C47D27A00B1B750 /* Release */ = {
			isa = XCBuildConfiguration;
			buildSettings = {
				ALWAYS_SEARCH_USER_PATHS = NO;
				ASSETCATALOG_COMPILER_GENERATE_SWIFT_ASSET_SYMBOL_EXTENSIONS = YES;
				CLANG_ANALYZER_NONNULL = YES;
				CLANG_ANALYZER_NUMBER_OBJECT_CONVERSION = YES_AGGRESSIVE;
				CLANG_CXX_LANGUAGE_STANDARD = "gnu++20";
				CLANG_ENABLE_MODULES = YES;
				CLANG_ENABLE_OBJC_ARC = YES;
				CLANG_ENABLE_OBJC_WEAK = YES;
				CLANG_WARN_BLOCK_CAPTURE_AUTORELEASING = YES;
				CLANG_WARN_BOOL_CONVERSION = YES;
				CLANG_WARN_COMMA = YES;
				CLANG_WARN_CONSTANT_CONVERSION = YES;
				CLANG_WARN_DEPRECATED_OBJC_IMPLEMENTATIONS = YES;
				CLANG_WARN_DIRECT_OBJC_ISA_USAGE = YES_ERROR;
				CLANG_WARN_DOCUMENTATION_COMMENTS = YES;
				CLANG_WARN_EMPTY_BODY = YES;
				CLANG_WARN_ENUM_CONVERSION = YES;
				CLANG_WARN_INFINITE_RECURSION = YES;
				CLANG_WARN_INT_CONVERSION = YES;
				CLANG_WARN_NON_LITERAL_NULL_CONVERSION = YES;
				CLANG_WARN_OBJC_IMPLICIT_RETAIN_SELF = YES;
				CLANG_WARN_OBJC_LITERAL_CONVERSION = YES;
				CLANG_WARN_OBJC_ROOT_CLASS = YES_ERROR;
				CLANG_WARN_QUOTED_INCLUDE_IN_FRAMEWORK_HEADER = YES;
				CLANG_WARN_RANGE_LOOP_ANALYSIS = YES;
				CLANG_WARN_STRICT_PROTOTYPES = YES;
				CLANG_WARN_SUSPICIOUS_MOVE = YES;
				CLANG_WARN_UNGUARDED_AVAILABILITY = YES_AGGRESSIVE;
				CLANG_WARN_UNREACHABLE_CODE = YES;
				CLANG_WARN__DUPLICATE_METHOD_MATCH = YES;
				COPY_PHASE_STRIP = NO;
				DEBUG_INFORMATION_FORMAT = "dwarf-with-dsym";
				ENABLE_NS_ASSERTIONS = NO;
				ENABLE_STRICT_OBJC_MSGSEND = YES;
				ENABLE_USER_SCRIPT_SANDBOXING = YES;
				GCC_C_LANGUAGE_STANDARD = gnu17;
				GCC_NO_COMMON_BLOCKS = YES;
				GCC_WARN_64_TO_32_BIT_CONVERSION = YES;
				GCC_WARN_ABOUT_RETURN_TYPE = YES_ERROR;
				GCC_WARN_UNDECLARED_SELECTOR = YES;
				GCC_WARN_UNINITIALIZED_AUTOS = YES_AGGRESSIVE;
				GCC_WARN_UNUSED_FUNCTION = YES;
				GCC_WARN_UNUSED_VARIABLE = YES;
				IPHONEOS_DEPLOYMENT_TARGET = 17.2;
				LOCALIZATION_PREFERS_STRING_CATALOGS = YES;
				MTL_ENABLE_DEBUG_INFO = NO;
				MTL_FAST_MATH = YES;
				SDKROOT = iphoneos;
				SWIFT_COMPILATION_MODE = wholemodule;
				VALIDATE_PRODUCT = YES;
			};
			name = Release;
		};
		C6176CCE2C47D27A00B1B750 /* Debug */ = {
			isa = XCBuildConfiguration;
			buildSettings = {
				ASSETCATALOG_COMPILER_APPICON_NAME = AppIcon;
				ASSETCATALOG_COMPILER_GLOBAL_ACCENT_COLOR_NAME = AccentColor;
				CODE_SIGN_STYLE = Automatic;
				CURRENT_PROJECT_VERSION = 1;
				DEVELOPMENT_ASSET_PATHS = "\"CardGame/Preview Content\"";
				ENABLE_PREVIEWS = YES;
				GENERATE_INFOPLIST_FILE = YES;
				INFOPLIST_KEY_UIApplicationSceneManifest_Generation = YES;
				INFOPLIST_KEY_UIApplicationSupportsIndirectInputEvents = YES;
				INFOPLIST_KEY_UILaunchScreen_Generation = YES;
				INFOPLIST_KEY_UISupportedInterfaceOrientations_iPad = "UIInterfaceOrientationPortrait UIInterfaceOrientationPortraitUpsideDown UIInterfaceOrientationLandscapeLeft UIInterfaceOrientationLandscapeRight";
				INFOPLIST_KEY_UISupportedInterfaceOrientations_iPhone = "UIInterfaceOrientationPortrait UIInterfaceOrientationLandscapeLeft UIInterfaceOrientationLandscapeRight";
				LD_RUNPATH_SEARCH_PATHS = (
					"$(inherited)",
					"@executable_path/Frameworks",
				);
				MARKETING_VERSION = 1.0;
				PRODUCT_BUNDLE_IDENTIFIER = elizaveta.med.CardGame;
				PRODUCT_NAME = "$(TARGET_NAME)";
				SWIFT_EMIT_LOC_STRINGS = YES;
				SWIFT_VERSION = 5.0;
				TARGETED_DEVICE_FAMILY = "1,2";
			};
			name = Debug;
		};
		C6176CCF2C47D27A00B1B750 /* Release */ = {
			isa = XCBuildConfiguration;
			buildSettings = {
				ASSETCATALOG_COMPILER_APPICON_NAME = AppIcon;
				ASSETCATALOG_COMPILER_GLOBAL_ACCENT_COLOR_NAME = AccentColor;
				CODE_SIGN_STYLE = Automatic;
				CURRENT_PROJECT_VERSION = 1;
				DEVELOPMENT_ASSET_PATHS = "\"CardGame/Preview Content\"";
				ENABLE_PREVIEWS = YES;
				GENERATE_INFOPLIST_FILE = YES;
				INFOPLIST_KEY_UIApplicationSceneManifest_Generation = YES;
				INFOPLIST_KEY_UIApplicationSupportsIndirectInputEvents = YES;
				INFOPLIST_KEY_UILaunchScreen_Generation = YES;
				INFOPLIST_KEY_UISupportedInterfaceOrientations_iPad = "UIInterfaceOrientationPortrait UIInterfaceOrientationPortraitUpsideDown UIInterfaceOrientationLandscapeLeft UIInterfaceOrientationLandscapeRight";
				INFOPLIST_KEY_UISupportedInterfaceOrientations_iPhone = "UIInterfaceOrientationPortrait UIInterfaceOrientationLandscapeLeft UIInterfaceOrientationLandscapeRight";
				LD_RUNPATH_SEARCH_PATHS = (
					"$(inherited)",
					"@executable_path/Frameworks",
				);
				MARKETING_VERSION = 1.0;
				PRODUCT_BUNDLE_IDENTIFIER = elizaveta.med.CardGame;
				PRODUCT_NAME = "$(TARGET_NAME)";
				SWIFT_EMIT_LOC_STRINGS = YES;
				SWIFT_VERSION = 5.0;
				TARGETED_DEVICE_FAMILY = "1,2";
			};
			name = Release;
		};
/* End XCBuildConfiguration section */

/* Begin XCConfigurationList section */
		C6176CBA2C47D27900B1B750 /* Build configuration list for PBXProject "CardGame" */ = {
			isa = XCConfigurationList;
			buildConfigurations = (
				C6176CCB2C47D27A00B1B750 /* Debug */,
				C6176CCC2C47D27A00B1B750 /* Release */,
			);
			defaultConfigurationIsVisible = 0;
			defaultConfigurationName = Release;
		};
		C6176CCD2C47D27A00B1B750 /* Build configuration list for PBXNativeTarget "CardGame" */ = {
			isa = XCConfigurationList;
			buildConfigurations = (
				C6176CCE2C47D27A00B1B750 /* Debug */,
				C6176CCF2C47D27A00B1B750 /* Release */,
			);
			defaultConfigurationIsVisible = 0;
			defaultConfigurationName = Release;
		};
/* End XCConfigurationList section */
	};
	rootObject = C6176CB72C47D27900B1B750 /* Project object */;
}
